
Microsoft Visual Studio Solution File, Format Version 12.00
# Visual Studio Version 17
VisualStudioVersion = 17.9.34616.47
MinimumVisualStudioVersion = 10.0.40219.1
Project("{FAE04EC0-301F-11D3-BF4B-00C04F79EFBC}") = "ReviewHubAPI", "ReviewHubAPI.csproj", "{9EDB3010-61CA-401D-BB49-0B437DDD5E4A}"
EndProject
Global
	GlobalSection(SolutionConfigurationPlatforms) = preSolution
		Debug|Any CPU = Debug|Any CPU
		Release|Any CPU = Release|Any CPU
	EndGlobalSection
	GlobalSection(ProjectConfigurationPlatforms) = postSolution
		{9EDB3010-61CA-401D-BB49-0B437DDD5E4A}.Debug|Any CPU.ActiveCfg = Debug|Any CPU
		{9EDB3010-61CA-401D-BB49-0B437DDD5E4A}.Debug|Any CPU.Build.0 = Debug|Any CPU
		{9EDB3010-61CA-401D-BB49-0B437DDD5E4A}.Release|Any CPU.ActiveCfg = Release|Any CPU
		{9EDB3010-61CA-401D-BB49-0B437DDD5E4A}.Release|Any CPU.Build.0 = Release|Any CPU
	EndGlobalSection
	GlobalSection(SolutionProperties) = preSolution
		HideSolutionNode = FALSE
	EndGlobalSection
	GlobalSection(ExtensibilityGlobals) = postSolution
		SolutionGuid = {B0C43C65-E23A-4242-B2F8-E561C18120A8}
	EndGlobalSection
EndGlobal
